{
  "requires": true,
  "lockfileVersion": 1,
  "dependencies": {
    "jquery": {
      "version": "3.3.1",
      "resolved": "https://registry.npmjs.org/jquery/-/jquery-3.3.1.tgz",
      "integrity": "sha512-Ubldcmxp5np52/ENotGxlLe6aGMvmF4R8S6tZjsP6Knsaxd/xp3Zrh50cG93lR6nPXyUFwzN3ZSOQI0wRJNdGg=="
    },
    "semantic-ui-search": {
      "version": "2.3.3",
      "resolved": "https://registry.npmjs.org/semantic-ui-search/-/semantic-ui-search-2.3.3.tgz",
      "integrity": "sha512-m7kn3gCfpsc8vW/JcBvDVfMsdWk8W2iJvPVt8a4l3LTqblwwtIFkGvbaEBLhn/EXwNLfHTMoBAfP9ctyYv0ucw=="
    }
  }
}
